
Microsoft Visual Studio Solution File, Format Version 12.00
# Visual Studio Version 16
VisualStudioVersion = 16.0.31105.61
MinimumVisualStudioVersion = 10.0.40219.1
Project("{FAE04EC0-301F-11D3-BF4B-00C04F79EFBC}") = "MegreVideo", "MegreVideo.csproj", "{C025A15F-D712-4A8C-811D-6D88D7621167}"
EndProject
Global
	GlobalSection(SolutionConfigurationPlatforms) = preSolution
		Debug|Any CPU = Debug|Any CPU
		Release|Any CPU = Release|Any CPU
	EndGlobalSection
	GlobalSection(ProjectConfigurationPlatforms) = postSolution
		{C025A15F-D712-4A8C-811D-6D88D7621167}.Debug|Any CPU.ActiveCfg = Debug|Any CPU
		{C025A15F-D712-4A8C-811D-6D88D7621167}.Debug|Any CPU.Build.0 = Debug|Any CPU
		{C025A15F-D712-4A8C-811D-6D88D7621167}.Release|Any CPU.ActiveCfg = Release|Any CPU
		{C025A15F-D712-4A8C-811D-6D88D7621167}.Release|Any CPU.Build.0 = Release|Any CPU
	EndGlobalSection
	GlobalSection(SolutionProperties) = preSolution
		HideSolutionNode = FALSE
	EndGlobalSection
	GlobalSection(ExtensibilityGlobals) = postSolution
		SolutionGuid = {E8DC01F5-C218-4976-881C-767A6DE8FDA9}
	EndGlobalSection
EndGlobal
